
Microsoft Visual Studio Solution File, Format Version 12.00
# Visual Studio Version 16
VisualStudioVersion = 16.0.28803.202
MinimumVisualStudioVersion = 10.0.40219.1
Project("{FAE04EC0-301F-11D3-BF4B-00C04F79EFBC}") = "DataBelli.SistemaGestao", "DataBelli.SistemaGesao\DataBelli.SistemaGestao.csproj", "{55F6D079-70BD-4E35-B2AA-A66491A4E82B}"
EndProject
Project("{FAE04EC0-301F-11D3-BF4B-00C04F79EFBC}") = "DataBelli.Gestao.Data", "DataBelli.Gestao.Data\DataBelli.Gestao.Data.csproj", "{5313E1B8-912D-4776-BB5C-F4D90C0CBBD7}"
EndProject
Project("{FAE04EC0-301F-11D3-BF4B-00C04F79EFBC}") = "DataBelli.SistemaGestao.Negocio", "DataBelli.SistemaGestao.Negocio\DataBelli.SistemaGestao.Negocio.csproj", "{421DD8D9-E847-4930-AB5B-50B2061F244E}"
EndProject
Global
	GlobalSection(SolutionConfigurationPlatforms) = preSolution
		Debug|Any CPU = Debug|Any CPU
		Release|Any CPU = Release|Any CPU
	EndGlobalSection
	GlobalSection(ProjectConfigurationPlatforms) = postSolution
		{55F6D079-70BD-4E35-B2AA-A66491A4E82B}.Debug|Any CPU.ActiveCfg = Debug|Any CPU
		{55F6D079-70BD-4E35-B2AA-A66491A4E82B}.Debug|Any CPU.Build.0 = Debug|Any CPU
		{55F6D079-70BD-4E35-B2AA-A66491A4E82B}.Release|Any CPU.ActiveCfg = Release|Any CPU
		{55F6D079-70BD-4E35-B2AA-A66491A4E82B}.Release|Any CPU.Build.0 = Release|Any CPU
		{5313E1B8-912D-4776-BB5C-F4D90C0CBBD7}.Debug|Any CPU.ActiveCfg = Debug|Any CPU
		{5313E1B8-912D-4776-BB5C-F4D90C0CBBD7}.Debug|Any CPU.Build.0 = Debug|Any CPU
		{5313E1B8-912D-4776-BB5C-F4D90C0CBBD7}.Release|Any CPU.ActiveCfg = Release|Any CPU
		{5313E1B8-912D-4776-BB5C-F4D90C0CBBD7}.Release|Any CPU.Build.0 = Release|Any CPU
		{421DD8D9-E847-4930-AB5B-50B2061F244E}.Debug|Any CPU.ActiveCfg = Debug|Any CPU
		{421DD8D9-E847-4930-AB5B-50B2061F244E}.Debug|Any CPU.Build.0 = Debug|Any CPU
		{421DD8D9-E847-4930-AB5B-50B2061F244E}.Release|Any CPU.ActiveCfg = Release|Any CPU
		{421DD8D9-E847-4930-AB5B-50B2061F244E}.Release|Any CPU.Build.0 = Release|Any CPU
	EndGlobalSection
	GlobalSection(SolutionProperties) = preSolution
		HideSolutionNode = FALSE
	EndGlobalSection
	GlobalSection(ExtensibilityGlobals) = postSolution
		SolutionGuid = {B98B1636-4272-4075-8B9E-087C784BB682}
	EndGlobalSection
EndGlobal
